
Microsoft Visual Studio Solution File, Format Version 12.00
# Visual Studio 15
VisualStudioVersion = 15.0.26730.16
MinimumVisualStudioVersion = 10.0.40219.1
Project("{FAE04EC0-301F-11D3-BF4B-00C04F79EFBC}") = "atomixcs", "atomixcs\atomixcs.csproj", "{8F97AAA1-D691-472E-9A67-A24A928904BF}"
EndProject
Global
	GlobalSection(SolutionConfigurationPlatforms) = preSolution
		Debug|Any CPU = Debug|Any CPU
		Release|Any CPU = Release|Any CPU
	EndGlobalSection
	GlobalSection(ProjectConfigurationPlatforms) = postSolution
		{8F97AAA1-D691-472E-9A67-A24A928904BF}.Debug|Any CPU.ActiveCfg = Debug|Any CPU
		{8F97AAA1-D691-472E-9A67-A24A928904BF}.Debug|Any CPU.Build.0 = Debug|Any CPU
		{8F97AAA1-D691-472E-9A67-A24A928904BF}.Release|Any CPU.ActiveCfg = Release|Any CPU
		{8F97AAA1-D691-472E-9A67-A24A928904BF}.Release|Any CPU.Build.0 = Release|Any CPU
	EndGlobalSection
	GlobalSection(SolutionProperties) = preSolution
		HideSolutionNode = FALSE
	EndGlobalSection
	GlobalSection(ExtensibilityGlobals) = postSolution
		SolutionGuid = {9E195526-36D7-4023-85A5-4A7BF992FAEF}
	EndGlobalSection
EndGlobal
